<?xml version="1.0" encoding="utf-8"?>
<Project ToolsVersion="4.0" xmlns="http://schemas.microsoft.com/developer/msbuild/2003">
  <ItemGroup>
    <Filter Include="Ressourcendateien">
      <UniqueIdentifier>{67DA6AB6-F800-4c08-8B7A-83BB121AAD01}</UniqueIdentifier>
      <Extensions>rc;ico;cur;bmp;dlg;rc2;rct;bin;rgs;gif;jpg;jpeg;jpe;resx;tiff;tif;png;wav;mfcribbon-ms</Extensions>
    </Filter>
    <Filter Include="Application">
      <UniqueIdentifier>{f65ba111-213f-47ed-918f-70ee1c7a8bf5}</UniqueIdentifier>
    </Filter>
    <Filter Include="stuff">
      <UniqueIdentifier>{93995380-89BD-4b04-88EB-625FBE52EBFB}</UniqueIdentifier>
      <Extensions>h;hpp;hxx;hm;inl;inc;xsd</Extensions>
    </Filter>
    <Filter Include="3DMap">
      <UniqueIdentifier>{13cb4110-d505-4378-bae0-289e1c693ede}</UniqueIdentifier>
    </Filter>
    <Filter Include="Math">
      <UniqueIdentifier>{a18cf260-91d0-4e68-8d7a-4ec5e79f153e}</UniqueIdentifier>
    </Filter>
    <Filter Include="zlib">
      <UniqueIdentifier>{d65e82f6-8c24-4967-a030-105a7eacb4f6}</UniqueIdentifier>
    </Filter>
    <Filter Include="IO">
      <UniqueIdentifier>{ac349f02-2374-4229-8985-c410a634626a}</UniqueIdentifier>
    </Filter>
    <Filter Include="EventSystem">
      <UniqueIdentifier>{f7de9087-976e-4490-b29d-b2fcc42fa09e}</UniqueIdentifier>
    </Filter>
    <Filter Include="Events">
      <UniqueIdentifier>{2f07fe71-7f24-4a8f-98aa-4b38afa7d567}</UniqueIdentifier>
    </Filter>
    <Filter Include="System">
      <UniqueIdentifier>{c83a009a-89b0-4b23-aed5-1ba836b19847}</UniqueIdentifier>
    </Filter>
  </ItemGroup>
  <ItemGroup>
    <None Include="ReadMe.txt" />
    <None Include="small.ico">
      <Filter>Ressourcendateien</Filter>
    </None>
    <None Include="3DMap.ico">
      <Filter>Ressourcendateien</Filter>
    </None>
  </ItemGroup>
  <ItemGroup>
    <ClInclude Include="stdafx.h">
      <Filter>stuff</Filter>
    </ClInclude>
    <ClInclude Include="targetver.h">
      <Filter>stuff</Filter>
    </ClInclude>
    <ClInclude Include="Resource.h">
      <Filter>stuff</Filter>
    </ClInclude>
    <ClInclude Include="MapApplication.h">
      <Filter>Application</Filter>
    </ClInclude>
    <ClInclude Include="main.h">
      <Filter>Application</Filter>
    </ClInclude>
    <ClInclude Include="..\..\Common\Application\3DApplication.h">
      <Filter>Application</Filter>
    </ClInclude>
    <ClInclude Include="..\..\Common\Math\vector3f.h">
      <Filter>Math</Filter>
    </ClInclude>
    <ClInclude Include="RandomFractal3DMapGenerator.h">
      <Filter>3DMap</Filter>
    </ClInclude>
    <ClInclude Include="3DMapLoader.h">
      <Filter>3DMap</Filter>
    </ClInclude>
    <ClInclude Include="3DMapSaver.h">
      <Filter>3DMap</Filter>
    </ClInclude>
    <ClInclude Include="3DMapFormat.h">
      <Filter>3DMap</Filter>
    </ClInclude>
    <ClInclude Include="..\..\Common\IO\IOHandlerThread.h">
      <Filter>IO</Filter>
    </ClInclude>
    <ClInclude Include="..\..\Common\Events\Event.h">
      <Filter>EventSystem</Filter>
    </ClInclude>
    <ClInclude Include="..\..\Common\Events\EventListener.h">
      <Filter>EventSystem</Filter>
    </ClInclude>
    <ClInclude Include="..\..\Common\Events\EventManager.h">
      <Filter>EventSystem</Filter>
    </ClInclude>
    <ClInclude Include="..\..\Common\Events\IEvent.h">
      <Filter>EventSystem</Filter>
    </ClInclude>
    <ClInclude Include="..\..\Common\Events\IEventListener.h">
      <Filter>EventSystem</Filter>
    </ClInclude>
    <ClInclude Include="..\..\Common\Events\IEventManager.h">
      <Filter>EventSystem</Filter>
    </ClInclude>
    <ClInclude Include="..\..\Common\Thread.h">
      <Filter>System</Filter>
    </ClInclude>
    <ClInclude Include="..\..\Common\IO\KeyboardEvent.h">
      <Filter>Events</Filter>
    </ClInclude>
    <ClInclude Include="..\..\Common\CriticalSection.h">
      <Filter>System</Filter>
    </ClInclude>
    <ClInclude Include="..\..\Common\Application\TickEvent.h">
      <Filter>Events</Filter>
    </ClInclude>
    <ClInclude Include="..\..\Common\IO\KeyboardBindings.h">
      <Filter>IO</Filter>
    </ClInclude>
    <ClInclude Include="MapApplicationKeyBindings.h">
      <Filter>Application</Filter>
    </ClInclude>
    <ClInclude Include="..\..\Common\IO\IKeyboardBindings.h">
      <Filter>IO</Filter>
    </ClInclude>
    <ClInclude Include="3DMapData.h">
      <Filter>3DMap</Filter>
    </ClInclude>
    <ClInclude Include="3DMapLevelOfDetailRenderer.h">
      <Filter>3DMap</Filter>
    </ClInclude>
    <ClInclude Include="IMap.h">
      <Filter>3DMap</Filter>
    </ClInclude>
    <ClInclude Include="MapSegment.h">
      <Filter>3DMap</Filter>
    </ClInclude>
  </ItemGroup>
  <ItemGroup>
    <ClCompile Include="MapApplication.cpp">
      <Filter>Application</Filter>
    </ClCompile>
    <ClCompile Include="stdafx.cpp">
      <Filter>stuff</Filter>
    </ClCompile>
    <ClCompile Include="main.cpp">
      <Filter>Application</Filter>
    </ClCompile>
    <ClCompile Include="..\..\Common\Application\3DApplication.cpp">
      <Filter>Application</Filter>
    </ClCompile>
    <ClCompile Include="..\..\Common\Math\vector3f.cpp">
      <Filter>Math</Filter>
    </ClCompile>
    <ClCompile Include="RandomFractal3DMapGenerator.cpp">
      <Filter>3DMap</Filter>
    </ClCompile>
    <ClCompile Include="3DMapLoader.cpp">
      <Filter>3DMap</Filter>
    </ClCompile>
    <ClCompile Include="3DMapSaver.cpp">
      <Filter>3DMap</Filter>
    </ClCompile>
    <ClCompile Include="..\..\Common\IO\IOHandlerThread.cpp">
      <Filter>IO</Filter>
    </ClCompile>
    <ClCompile Include="..\..\Common\Events\Event.cpp">
      <Filter>EventSystem</Filter>
    </ClCompile>
    <ClCompile Include="..\..\Common\Events\EventListener.cpp">
      <Filter>EventSystem</Filter>
    </ClCompile>
    <ClCompile Include="..\..\Common\Events\EventManager.cpp">
      <Filter>EventSystem</Filter>
    </ClCompile>
    <ClCompile Include="..\..\Common\Thread.cpp">
      <Filter>System</Filter>
    </ClCompile>
    <ClCompile Include="..\..\Common\IO\KeyboardEvent.cpp">
      <Filter>Events</Filter>
    </ClCompile>
    <ClCompile Include="..\..\Common\Application\TickEvent.cpp">
      <Filter>Events</Filter>
    </ClCompile>
    <ClCompile Include="..\..\Common\IO\KeyboardBindings.cpp">
      <Filter>IO</Filter>
    </ClCompile>
    <ClCompile Include="MapApplicationKeyBindings.cpp">
      <Filter>Application</Filter>
    </ClCompile>
    <ClCompile Include="3DMapData.cpp">
      <Filter>3DMap</Filter>
    </ClCompile>
    <ClCompile Include="MapSegment.cpp">
      <Filter>3DMap</Filter>
    </ClCompile>
    <ClCompile Include="3DMapLevelOfDetailRenderer.cpp">
      <Filter>3DMap</Filter>
    </ClCompile>
  </ItemGroup>
  <ItemGroup>
    <ResourceCompile Include="3DMap.rc">
      <Filter>Ressourcendateien</Filter>
    </ResourceCompile>
  </ItemGroup>
</Project>